PODS:
  - Swift5Crypto (0.0.3)

DEPENDENCIES:
  - Swift5Crypto

SPEC REPOS:
  "https://rarus-team:v6EApasDvZZGfjxmvt9T@bitbucket.org/rarus_romanh/rarus-spec.git":
    - Swift5Crypto

SPEC CHECKSUMS:
  Swift5Crypto: 13c0e068d6e906867dab7265652797af45293029

PODFILE CHECKSUM: 951b9a05562b2e582b1dbb509277f60ad8ac8182

COCOAPODS: 1.10.2
